<?xml version="1.0" encoding="utf-8"?>
<Project ToolsVersion="4.0" xmlns="http://schemas.microsoft.com/developer/msbuild/2003">
  <ItemGroup>
    <Filter Include="Source Files">
      <UniqueIdentifier>{4FC737F1-C7A5-4376-A066-2A32D752A2FF}</UniqueIdentifier>
      <Extensions>cpp;c;cc;cxx;c++;cppm;ixx;def;odl;idl;hpj;bat;asm;asmx</Extensions>
    </Filter>
    <Filter Include="Header Files">
      <UniqueIdentifier>{93995380-89BD-4b04-88EB-625FBE52EBFB}</UniqueIdentifier>
      <Extensions>h;hh;hpp;hxx;h++;hm;inl;inc;ipp;xsd</Extensions>
    </Filter>
    <Filter Include="Resource Files">
      <UniqueIdentifier>{67DA6AB6-F800-4c08-8B7A-83BB121AAD01}</UniqueIdentifier>
      <Extensions>rc;ico;cur;bmp;dlg;rc2;rct;bin;rgs;gif;jpg;jpeg;jpe;resx;tiff;tif;png;wav;mfcribbon-ms</Extensions>
    </Filter>
  </ItemGroup>
  <ItemGroup>
    <None Include="cpp.hint" />
  </ItemGroup>
  <ItemGroup>
    <ClInclude Include="src\debugging\DebugCallbacks.hpp">
      <Filter>Header Files</Filter>
    </ClInclude>
    <ClInclude Include="src\debugging\index.hpp">
      <Filter>Header Files</Filter>
    </ClInclude>
    <ClInclude Include="src\definitions\ErrorCodes.hpp">
      <Filter>Header Files</Filter>
    </ClInclude>
    <ClInclude Include="src\definitions\Exports.hpp">
      <Filter>Header Files</Filter>
    </ClInclude>
    <ClInclude Include="src\definitions\FunctionCallingConventions.hpp">
      <Filter>Header Files</Filter>
    </ClInclude>
    <ClInclude Include="src\definitions\IntTypes.hpp">
      <Filter>Header Files</Filter>
    </ClInclude>
    <ClInclude Include="src\definitions\PlatformDefinitions.hpp">
      <Filter>Header Files</Filter>
    </ClInclude>
    <ClInclude Include="src\definitions\index.hpp">
      <Filter>Header Files</Filter>
    </ClInclude>
    <ClInclude Include="src\detectors\TestingDetector.hpp">
      <Filter>Header Files</Filter>
    </ClInclude>
    <ClInclude Include="src\detectors\index.hpp">
      <Filter>Header Files</Filter>
    </ClInclude>
    <ClInclude Include="src\serialization\index.hpp">
      <Filter>Header Files</Filter>
    </ClInclude>
    <ClInclude Include="src\serialization\ClassDefinitions.hpp">
      <Filter>Header Files</Filter>
    </ClInclude>
    <ClInclude Include="src\serialization\ReferenceManager.hpp">
      <Filter>Header Files</Filter>
    </ClInclude>
    <ClInclude Include="src\serialization\Serializable.hpp">
      <Filter>Header Files</Filter>
    </ClInclude>
    <ClInclude Include="src\serialization\SerializedTypes.hpp">
      <Filter>Header Files</Filter>
    </ClInclude>
    <ClInclude Include="src\types\BreathSample.hpp">
      <Filter>Header Files</Filter>
    </ClInclude>
    <ClInclude Include="src\types\BreathStream.hpp">
      <Filter>Header Files</Filter>
    </ClInclude>
    <ClInclude Include="src\types\Keyframe.hpp">
      <Filter>Header Files</Filter>
    </ClInclude>
    <ClInclude Include="src\types\Pattern.hpp">
      <Filter>Header Files</Filter>
    </ClInclude>
    <ClInclude Include="src\types\BreathSampler.hpp">
      <Filter>Header Files</Filter>
    </ClInclude>
    <ClInclude Include="src\types\index.hpp">
      <Filter>Header Files</Filter>
    </ClInclude>
    <ClInclude Include="src\util\Base64.hpp">
      <Filter>Header Files</Filter>
    </ClInclude>
    <ClInclude Include="src\util\Timer.hpp">
      <Filter>Header Files</Filter>
    </ClInclude>
    <ClInclude Include="src\util\interpolators.hpp">
      <Filter>Header Files</Filter>
    </ClInclude>
    <ClInclude Include="src\framework.h">
      <Filter>Header Files</Filter>
    </ClInclude>
    <ClInclude Include="src\pch.h">
      <Filter>Header Files</Filter>
    </ClInclude>
    <ClInclude Include="src\BreathLibraryCore.h">
      <Filter>Header Files</Filter>
    </ClInclude>
  </ItemGroup>
  <ItemGroup>
    <ClCompile Include="src\debugging\DebugCallbacks.cpp">
      <Filter>Source Files</Filter>
    </ClCompile>
    <ClCompile Include="src\detectors\TestingDetector.cpp">
      <Filter>Source Files</Filter>
    </ClCompile>
    <ClCompile Include="src\serialization\Serializable.cpp">
      <Filter>Source Files</Filter>
    </ClCompile>
    <ClCompile Include="src\serialization\SerializedTypes.cpp">
      <Filter>Source Files</Filter>
    </ClCompile>
    <ClCompile Include="src\serialization\ClassDefinitions.cpp">
      <Filter>Source Files</Filter>
    </ClCompile>
    <ClCompile Include="src\types\BreathSample.cpp">
      <Filter>Source Files</Filter>
    </ClCompile>
    <ClCompile Include="src\types\BreathStream.cpp">
      <Filter>Source Files</Filter>
    </ClCompile>
    <ClCompile Include="src\types\Keyframe.cpp">
      <Filter>Source Files</Filter>
    </ClCompile>
    <ClCompile Include="src\types\Pattern.cpp">
      <Filter>Source Files</Filter>
    </ClCompile>
    <ClCompile Include="src\util\Base64.cpp">
      <Filter>Source Files</Filter>
    </ClCompile>
    <ClCompile Include="src\util\Timer.cpp">
      <Filter>Source Files</Filter>
    </ClCompile>
    <ClCompile Include="src\util\interpolators.cpp">
      <Filter>Source Files</Filter>
    </ClCompile>
    <ClCompile Include="src\BreathLibraryCore.cpp">
      <Filter>Source Files</Filter>
    </ClCompile>
    <ClCompile Include="src\dllmain.cpp">
      <Filter>Source Files</Filter>
    </ClCompile>
    <ClCompile Include="src\pch.cpp">
      <Filter>Source Files</Filter>
    </ClCompile>
  </ItemGroup>
</Project>